
Microsoft Visual Studio Solution File, Format Version 12.00
# Visual Studio Version 17
VisualStudioVersion = 17.0.32126.317
MinimumVisualStudioVersion = 10.0.40219.1
Project("{8BC9CEB8-8B4A-11D0-8D11-00A0C91BC942}") = "fill", "fill.vcxproj", "{770CBD9B-02AC-40B1-9874-1DA9827A9CCF}"
EndProject
Global
	GlobalSection(SolutionConfigurationPlatforms) = preSolution
		Debug|x64 = Debug|x64
		Debug|x86 = Debug|x86
		Release|x64 = Release|x64
		Release|x86 = Release|x86
	EndGlobalSection
	GlobalSection(ProjectConfigurationPlatforms) = postSolution
		{770CBD9B-02AC-40B1-9874-1DA9827A9CCF}.Debug|x64.ActiveCfg = Debug|x64
		{770CBD9B-02AC-40B1-9874-1DA9827A9CCF}.Debug|x64.Build.0 = Debug|x64
		{770CBD9B-02AC-40B1-9874-1DA9827A9CCF}.Debug|x86.ActiveCfg = Debug|Win32
		{770CBD9B-02AC-40B1-9874-1DA9827A9CCF}.Debug|x86.Build.0 = Debug|Win32
		{770CBD9B-02AC-40B1-9874-1DA9827A9CCF}.Release|x64.ActiveCfg = Release|x64
		{770CBD9B-02AC-40B1-9874-1DA9827A9CCF}.Release|x64.Build.0 = Release|x64
		{770CBD9B-02AC-40B1-9874-1DA9827A9CCF}.Release|x86.ActiveCfg = Release|Win32
		{770CBD9B-02AC-40B1-9874-1DA9827A9CCF}.Release|x86.Build.0 = Release|Win32
	EndGlobalSection
	GlobalSection(SolutionProperties) = preSolution
		HideSolutionNode = FALSE
	EndGlobalSection
	GlobalSection(ExtensibilityGlobals) = postSolution
		SolutionGuid = {09E3B197-7BFF-4C01-818D-BB2A627FABAD}
	EndGlobalSection
EndGlobal
